// !$*UTF8*$!
{
	archiveVersion = 1;
	classes = {
	};
	objectVersion = 60;
	objects = {

/* Begin PBXBuildFile section */
		FEC88C532ADA049700BB0188 /* VoggtIVSApp.swift in Sources */ = {isa = PBXBuildFile; fileRef = FEC88C522ADA049700BB0188 /* VoggtIVSApp.swift */; };
		FEC88C552ADA049700BB0188 /* ContentView.swift in Sources */ = {isa = PBXBuildFile; fileRef = FEC88C542ADA049700BB0188 /* ContentView.swift */; };
		FEC88C572ADA049700BB0188 /* Assets.xcassets in Resources */ = {isa = PBXBuildFile; fileRef = FEC88C562ADA049700BB0188 /* Assets.xcassets */; };
		FEC88C5A2ADA049700BB0188 /* Preview Assets.xcassets in Resources */ = {isa = PBXBuildFile; fileRef = FEC88C592ADA049700BB0188 /* Preview Assets.xcassets */; };
		FEC88C622ADA04D600BB0188 /* AmazonIVSBroadcast in Frameworks */ = {isa = PBXBuildFile; productRef = FEC88C612ADA04D600BB0188 /* AmazonIVSBroadcast */; };
		FEC88C642ADA04E800BB0188 /* ViewModel.swift in Sources */ = {isa = PBXBuildFile; fileRef = FEC88C632ADA04E800BB0188 /* ViewModel.swift */; };
		FEC88C672ADA057C00BB0188 /* User.swift in Sources */ = {isa = PBXBuildFile; fileRef = FEC88C662ADA057C00BB0188 /* User.swift */; };
		FEC88C692ADA05A700BB0188 /* RootView.swift in Sources */ = {isa = PBXBuildFile; fileRef = FEC88C682ADA05A700BB0188 /* RootView.swift */; };
		FEC88C6C2ADA0DF500BB0188 /* ImageDeviceView.swift in Sources */ = {isa = PBXBuildFile; fileRef = FEC88C6B2ADA0DF500BB0188 /* ImageDeviceView.swift */; };
		FEFF3E782ADC2A450014453D /* Workaround.swift in Sources */ = {isa = PBXBuildFile; fileRef = FEFF3E772ADC2A450014453D /* Workaround.swift */; };
		FEFF3E7A2ADC50AE0014453D /* RootViewModel.swift in Sources */ = {isa = PBXBuildFile; fileRef = FEFF3E792ADC50AE0014453D /* RootViewModel.swift */; };
/* End PBXBuildFile section */

/* Begin PBXFileReference section */
		FEC88C4F2ADA049700BB0188 /* VoggtIVS.app */ = {isa = PBXFileReference; explicitFileType = wrapper.application; includeInIndex = 0; path = VoggtIVS.app; sourceTree = BUILT_PRODUCTS_DIR; };
		FEC88C522ADA049700BB0188 /* VoggtIVSApp.swift */ = {isa = PBXFileReference; lastKnownFileType = sourcecode.swift; path = VoggtIVSApp.swift; sourceTree = "<group>"; };
		FEC88C542ADA049700BB0188 /* ContentView.swift */ = {isa = PBXFileReference; lastKnownFileType = sourcecode.swift; path = ContentView.swift; sourceTree = "<group>"; };
		FEC88C562ADA049700BB0188 /* Assets.xcassets */ = {isa = PBXFileReference; lastKnownFileType = folder.assetcatalog; path = Assets.xcassets; sourceTree = "<group>"; };
		FEC88C592ADA049700BB0188 /* Preview Assets.xcassets */ = {isa = PBXFileReference; lastKnownFileType = folder.assetcatalog; path = "Preview Assets.xcassets"; sourceTree = "<group>"; };
		FEC88C632ADA04E800BB0188 /* ViewModel.swift */ = {isa = PBXFileReference; lastKnownFileType = sourcecode.swift; path = ViewModel.swift; sourceTree = "<group>"; };
		FEC88C662ADA057C00BB0188 /* User.swift */ = {isa = PBXFileReference; lastKnownFileType = sourcecode.swift; path = User.swift; sourceTree = "<group>"; };
		FEC88C682ADA05A700BB0188 /* RootView.swift */ = {isa = PBXFileReference; lastKnownFileType = sourcecode.swift; path = RootView.swift; sourceTree = "<group>"; };
		FEC88C6B2ADA0DF500BB0188 /* ImageDeviceView.swift */ = {isa = PBXFileReference; lastKnownFileType = sourcecode.swift; path = ImageDeviceView.swift; sourceTree = "<group>"; };
		FEFF3E772ADC2A450014453D /* Workaround.swift */ = {isa = PBXFileReference; lastKnownFileType = sourcecode.swift; path = Workaround.swift; sourceTree = "<group>"; };
		FEFF3E792ADC50AE0014453D /* RootViewModel.swift */ = {isa = PBXFileReference; lastKnownFileType = sourcecode.swift; path = RootViewModel.swift; sourceTree = "<group>"; };
/* End PBXFileReference section */

/* Begin PBXFrameworksBuildPhase section */
		FEC88C4C2ADA049700BB0188 /* Frameworks */ = {
			isa = PBXFrameworksBuildPhase;
			buildActionMask = 2147483647;
			files = (
				FEC88C622ADA04D600BB0188 /* AmazonIVSBroadcast in Frameworks */,
			);
			runOnlyForDeploymentPostprocessing = 0;
		};
/* End PBXFrameworksBuildPhase section */

/* Begin PBXGroup section */
		FEC88C462ADA049700BB0188 = {
			isa = PBXGroup;
			children = (
				FEC88C512ADA049700BB0188 /* VoggtIVS */,
				FEC88C502ADA049700BB0188 /* Products */,
			);
			sourceTree = "<group>";
		};
		FEC88C502ADA049700BB0188 /* Products */ = {
			isa = PBXGroup;
			children = (
				FEC88C4F2ADA049700BB0188 /* VoggtIVS.app */,
			);
			name = Products;
			sourceTree = "<group>";
		};
		FEC88C512ADA049700BB0188 /* VoggtIVS */ = {
			isa = PBXGroup;
			children = (
				FEC88C652ADA057200BB0188 /* Models */,
				FEC88C6A2ADA0DDF00BB0188 /* Views */,
				FEC88C522ADA049700BB0188 /* VoggtIVSApp.swift */,
				FEC88C682ADA05A700BB0188 /* RootView.swift */,
				FEFF3E792ADC50AE0014453D /* RootViewModel.swift */,
				FEC88C542ADA049700BB0188 /* ContentView.swift */,
				FEC88C632ADA04E800BB0188 /* ViewModel.swift */,
				FEC88C562ADA049700BB0188 /* Assets.xcassets */,
				FEC88C582ADA049700BB0188 /* Preview Content */,
			);
			path = VoggtIVS;
			sourceTree = "<group>";
		};
		FEC88C582ADA049700BB0188 /* Preview Content */ = {
			isa = PBXGroup;
			children = (
				FEC88C592ADA049700BB0188 /* Preview Assets.xcassets */,
			);
			path = "Preview Content";
			sourceTree = "<group>";
		};
		FEC88C652ADA057200BB0188 /* Models */ = {
			isa = PBXGroup;
			children = (
				FEC88C662ADA057C00BB0188 /* User.swift */,
				FEFF3E772ADC2A450014453D /* Workaround.swift */,
			);
			path = Models;
			sourceTree = "<group>";
		};
		FEC88C6A2ADA0DDF00BB0188 /* Views */ = {
			isa = PBXGroup;
			children = (
				FEC88C6B2ADA0DF500BB0188 /* ImageDeviceView.swift */,
			);
			path = Views;
			sourceTree = "<group>";
		};
/* End PBXGroup section */

/* Begin PBXNativeTarget section */
		FEC88C4E2ADA049700BB0188 /* VoggtIVS */ = {
			isa = PBXNativeTarget;
			buildConfigurationList = FEC88C5D2ADA049700BB0188 /* Build configuration list for PBXNativeTarget "VoggtIVS" */;
			buildPhases = (
				FEC88C4B2ADA049700BB0188 /* Sources */,
				FEC88C4C2ADA049700BB0188 /* Frameworks */,
				FEC88C4D2ADA049700BB0188 /* Resources */,
			);
			buildRules = (
			);
			dependencies = (
			);
			name = VoggtIVS;
			packageProductDependencies = (
				FEC88C612ADA04D600BB0188 /* AmazonIVSBroadcast */,
			);
			productName = VoggtIVS;
			productReference = FEC88C4F2ADA049700BB0188 /* VoggtIVS.app */;
			productType = "com.apple.product-type.application";
		};
/* End PBXNativeTarget section */

/* Begin PBXProject section */
		FEC88C472ADA049700BB0188 /* Project object */ = {
			isa = PBXProject;
			attributes = {
				BuildIndependentTargetsInParallel = 1;
				LastSwiftUpdateCheck = 1500;
				LastUpgradeCheck = 1500;
				TargetAttributes = {
					FEC88C4E2ADA049700BB0188 = {
						CreatedOnToolsVersion = 15.0;
					};
				};
			};
			buildConfigurationList = FEC88C4A2ADA049700BB0188 /* Build configuration list for PBXProject "VoggtIVS" */;
			compatibilityVersion = "Xcode 14.0";
			developmentRegion = en;
			hasScannedForEncodings = 0;
			knownRegions = (
				en,
				Base,
			);
			mainGroup = FEC88C462ADA049700BB0188;
			packageReferences = (
				FEC88C602ADA04D600BB0188 /* XCLocalSwiftPackageReference "VoggtIVS/AmazonIVSBroadcast" */,
			);
			productRefGroup = FEC88C502ADA049700BB0188 /* Products */;
			projectDirPath = "";
			projectRoot = "";
			targets = (
				FEC88C4E2ADA049700BB0188 /* VoggtIVS */,
			);
		};
/* End PBXProject section */

/* Begin PBXResourcesBuildPhase section */
		FEC88C4D2ADA049700BB0188 /* Resources */ = {
			isa = PBXResourcesBuildPhase;
			buildActionMask = 2147483647;
			files = (
				FEC88C5A2ADA049700BB0188 /* Preview Assets.xcassets in Resources */,
				FEC88C572ADA049700BB0188 /* Assets.xcassets in Resources */,
			);
			runOnlyForDeploymentPostprocessing = 0;
		};
/* End PBXResourcesBuildPhase section */

/* Begin PBXSourcesBuildPhase section */
		FEC88C4B2ADA049700BB0188 /* Sources */ = {
			isa = PBXSourcesBuildPhase;
			buildActionMask = 2147483647;
			files = (
				FEC88C672ADA057C00BB0188 /* User.swift in Sources */,
				FEC88C552ADA049700BB0188 /* ContentView.swift in Sources */,
				FEC88C6C2ADA0DF500BB0188 /* ImageDeviceView.swift in Sources */,
				FEC88C642ADA04E800BB0188 /* ViewModel.swift in Sources */,
				FEC88C532ADA049700BB0188 /* VoggtIVSApp.swift in Sources */,
				FEFF3E782ADC2A450014453D /* Workaround.swift in Sources */,
				FEFF3E7A2ADC50AE0014453D /* RootViewModel.swift in Sources */,
				FEC88C692ADA05A700BB0188 /* RootView.swift in Sources */,
			);
			runOnlyForDeploymentPostprocessing = 0;
		};
/* End PBXSourcesBuildPhase section */

/* Begin XCBuildConfiguration section */
		FEC88C5B2ADA049700BB0188 /* Debug */ = {
			isa = XCBuildConfiguration;
			buildSettings = {
				ALWAYS_SEARCH_USER_PATHS = NO;
				ASSETCATALOG_COMPILER_GENERATE_SWIFT_ASSET_SYMBOL_EXTENSIONS = YES;
				CLANG_ANALYZER_NONNULL = YES;
				CLANG_ANALYZER_NUMBER_OBJECT_CONVERSION = YES_AGGRESSIVE;
				CLANG_CXX_LANGUAGE_STANDARD = "gnu++20";
				CLANG_ENABLE_MODULES = YES;
				CLANG_ENABLE_OBJC_ARC = YES;
				CLANG_ENABLE_OBJC_WEAK = YES;
				CLANG_WARN_BLOCK_CAPTURE_AUTORELEASING = YES;
				CLANG_WARN_BOOL_CONVERSION = YES;
				CLANG_WARN_COMMA = YES;
				CLANG_WARN_CONSTANT_CONVERSION = YES;
				CLANG_WARN_DEPRECATED_OBJC_IMPLEMENTATIONS = YES;
				CLANG_WARN_DIRECT_OBJC_ISA_USAGE = YES_ERROR;
				CLANG_WARN_DOCUMENTATION_COMMENTS = YES;
				CLANG_WARN_EMPTY_BODY = YES;
				CLANG_WARN_ENUM_CONVERSION = YES;
				CLANG_WARN_INFINITE_RECURSION = YES;
				CLANG_WARN_INT_CONVERSION = YES;
				CLANG_WARN_NON_LITERAL_NULL_CONVERSION = YES;
				CLANG_WARN_OBJC_IMPLICIT_RETAIN_SELF = YES;
				CLANG_WARN_OBJC_LITERAL_CONVERSION = YES;
				CLANG_WARN_OBJC_ROOT_CLASS = YES_ERROR;
				CLANG_WARN_QUOTED_INCLUDE_IN_FRAMEWORK_HEADER = YES;
				CLANG_WARN_RANGE_LOOP_ANALYSIS = YES;
				CLANG_WARN_STRICT_PROTOTYPES = YES;
				CLANG_WARN_SUSPICIOUS_MOVE = YES;
				CLANG_WARN_UNGUARDED_AVAILABILITY = YES_AGGRESSIVE;
				CLANG_WARN_UNREACHABLE_CODE = YES;
				CLANG_WARN__DUPLICATE_METHOD_MATCH = YES;
				COPY_PHASE_STRIP = NO;
				DEBUG_INFORMATION_FORMAT = dwarf;
				ENABLE_STRICT_OBJC_MSGSEND = YES;
				ENABLE_TESTABILITY = YES;
				ENABLE_USER_SCRIPT_SANDBOXING = YES;
				GCC_C_LANGUAGE_STANDARD = gnu17;
				GCC_DYNAMIC_NO_PIC = NO;
				GCC_NO_COMMON_BLOCKS = YES;
				GCC_OPTIMIZATION_LEVEL = 0;
				GCC_PREPROCESSOR_DEFINITIONS = (
					"DEBUG=1",
					"$(inherited)",
				);
				GCC_WARN_64_TO_32_BIT_CONVERSION = YES;
				GCC_WARN_ABOUT_RETURN_TYPE = YES_ERROR;
				GCC_WARN_UNDECLARED_SELECTOR = YES;
				GCC_WARN_UNINITIALIZED_AUTOS = YES_AGGRESSIVE;
				GCC_WARN_UNUSED_FUNCTION = YES;
				GCC_WARN_UNUSED_VARIABLE = YES;
				IPHONEOS_DEPLOYMENT_TARGET = 17.0;
				LOCALIZATION_PREFERS_STRING_CATALOGS = YES;
				MTL_ENABLE_DEBUG_INFO = INCLUDE_SOURCE;
				MTL_FAST_MATH = YES;
				ONLY_ACTIVE_ARCH = YES;
				SDKROOT = iphoneos;
				SWIFT_ACTIVE_COMPILATION_CONDITIONS = "DEBUG $(inherited)";
				SWIFT_OPTIMIZATION_LEVEL = "-Onone";
			};
			name = Debug;
		};
		FEC88C5C2ADA049700BB0188 /* Release */ = {
			isa = XCBuildConfiguration;
			buildSettings = {
				ALWAYS_SEARCH_USER_PATHS = NO;
				ASSETCATALOG_COMPILER_GENERATE_SWIFT_ASSET_SYMBOL_EXTENSIONS = YES;
				CLANG_ANALYZER_NONNULL = YES;
				CLANG_ANALYZER_NUMBER_OBJECT_CONVERSION = YES_AGGRESSIVE;
				CLANG_CXX_LANGUAGE_STANDARD = "gnu++20";
				CLANG_ENABLE_MODULES = YES;
				CLANG_ENABLE_OBJC_ARC = YES;
				CLANG_ENABLE_OBJC_WEAK = YES;
				CLANG_WARN_BLOCK_CAPTURE_AUTORELEASING = YES;
				CLANG_WARN_BOOL_CONVERSION = YES;
				CLANG_WARN_COMMA = YES;
				CLANG_WARN_CONSTANT_CONVERSION = YES;
				CLANG_WARN_DEPRECATED_OBJC_IMPLEMENTATIONS = YES;
				CLANG_WARN_DIRECT_OBJC_ISA_USAGE = YES_ERROR;
				CLANG_WARN_DOCUMENTATION_COMMENTS = YES;
				CLANG_WARN_EMPTY_BODY = YES;
				CLANG_WARN_ENUM_CONVERSION = YES;
				CLANG_WARN_INFINITE_RECURSION = YES;
				CLANG_WARN_INT_CONVERSION = YES;
				CLANG_WARN_NON_LITERAL_NULL_CONVERSION = YES;
				CLANG_WARN_OBJC_IMPLICIT_RETAIN_SELF = YES;
				CLANG_WARN_OBJC_LITERAL_CONVERSION = YES;
				CLANG_WARN_OBJC_ROOT_CLASS = YES_ERROR;
				CLANG_WARN_QUOTED_INCLUDE_IN_FRAMEWORK_HEADER = YES;
				CLANG_WARN_RANGE_LOOP_ANALYSIS = YES;
				CLANG_WARN_STRICT_PROTOTYPES = YES;
				CLANG_WARN_SUSPICIOUS_MOVE = YES;
				CLANG_WARN_UNGUARDED_AVAILABILITY = YES_AGGRESSIVE;
				CLANG_WARN_UNREACHABLE_CODE = YES;
				CLANG_WARN__DUPLICATE_METHOD_MATCH = YES;
				COPY_PHASE_STRIP = NO;
				DEBUG_INFORMATION_FORMAT = "dwarf-with-dsym";
				ENABLE_NS_ASSERTIONS = NO;
				ENABLE_STRICT_OBJC_MSGSEND = YES;
				ENABLE_USER_SCRIPT_SANDBOXING = YES;
				GCC_C_LANGUAGE_STANDARD = gnu17;
				GCC_NO_COMMON_BLOCKS = YES;
				GCC_WARN_64_TO_32_BIT_CONVERSION = YES;
				GCC_WARN_ABOUT_RETURN_TYPE = YES_ERROR;
				GCC_WARN_UNDECLARED_SELECTOR = YES;
				GCC_WARN_UNINITIALIZED_AUTOS = YES_AGGRESSIVE;
				GCC_WARN_UNUSED_FUNCTION = YES;
				GCC_WARN_UNUSED_VARIABLE = YES;
				IPHONEOS_DEPLOYMENT_TARGET = 17.0;
				LOCALIZATION_PREFERS_STRING_CATALOGS = YES;
				MTL_ENABLE_DEBUG_INFO = NO;
				MTL_FAST_MATH = YES;
				SDKROOT = iphoneos;
				SWIFT_COMPILATION_MODE = wholemodule;
				VALIDATE_PRODUCT = YES;
			};
			name = Release;
		};
		FEC88C5E2ADA049700BB0188 /* Debug */ = {
			isa = XCBuildConfiguration;
			buildSettings = {
				ASSETCATALOG_COMPILER_APPICON_NAME = AppIcon;
				ASSETCATALOG_COMPILER_GLOBAL_ACCENT_COLOR_NAME = AccentColor;
				CODE_SIGN_STYLE = Automatic;
				CURRENT_PROJECT_VERSION = 1;
				DEVELOPMENT_ASSET_PATHS = "\"VoggtIVS/Preview Content\"";
				DEVELOPMENT_TEAM = UVZ96HMA25;
				ENABLE_PREVIEWS = YES;
				GENERATE_INFOPLIST_FILE = YES;
				INFOPLIST_KEY_NSCameraUsageDescription = "Camera debug";
				INFOPLIST_KEY_NSMicrophoneUsageDescription = "Microphone debug";
				INFOPLIST_KEY_UIApplicationSceneManifest_Generation = YES;
				INFOPLIST_KEY_UIApplicationSupportsIndirectInputEvents = YES;
				INFOPLIST_KEY_UILaunchScreen_Generation = YES;
				INFOPLIST_KEY_UISupportedInterfaceOrientations_iPad = "UIInterfaceOrientationPortrait UIInterfaceOrientationPortraitUpsideDown UIInterfaceOrientationLandscapeLeft UIInterfaceOrientationLandscapeRight";
				INFOPLIST_KEY_UISupportedInterfaceOrientations_iPhone = "UIInterfaceOrientationPortrait UIInterfaceOrientationLandscapeLeft UIInterfaceOrientationLandscapeRight";
				LD_RUNPATH_SEARCH_PATHS = (
					"$(inherited)",
					"@executable_path/Frameworks",
				);
				MARKETING_VERSION = 1.0;
				PRODUCT_BUNDLE_IDENTIFIER = voggt.VoggtIVS;
				PRODUCT_NAME = "$(TARGET_NAME)";
				SWIFT_EMIT_LOC_STRINGS = YES;
				SWIFT_VERSION = 5.0;
				TARGETED_DEVICE_FAMILY = "1,2";
			};
			name = Debug;
		};
		FEC88C5F2ADA049700BB0188 /* Release */ = {
			isa = XCBuildConfiguration;
			buildSettings = {
				ASSETCATALOG_COMPILER_APPICON_NAME = AppIcon;
				ASSETCATALOG_COMPILER_GLOBAL_ACCENT_COLOR_NAME = AccentColor;
				CODE_SIGN_STYLE = Automatic;
				CURRENT_PROJECT_VERSION = 1;
				DEVELOPMENT_ASSET_PATHS = "\"VoggtIVS/Preview Content\"";
				DEVELOPMENT_TEAM = UVZ96HMA25;
				ENABLE_PREVIEWS = YES;
				GENERATE_INFOPLIST_FILE = YES;
				INFOPLIST_KEY_NSCameraUsageDescription = "Camera debug";
				INFOPLIST_KEY_NSMicrophoneUsageDescription = "Microphone debug";
				INFOPLIST_KEY_UIApplicationSceneManifest_Generation = YES;
				INFOPLIST_KEY_UIApplicationSupportsIndirectInputEvents = YES;
				INFOPLIST_KEY_UILaunchScreen_Generation = YES;
				INFOPLIST_KEY_UISupportedInterfaceOrientations_iPad = "UIInterfaceOrientationPortrait UIInterfaceOrientationPortraitUpsideDown UIInterfaceOrientationLandscapeLeft UIInterfaceOrientationLandscapeRight";
				INFOPLIST_KEY_UISupportedInterfaceOrientations_iPhone = "UIInterfaceOrientationPortrait UIInterfaceOrientationLandscapeLeft UIInterfaceOrientationLandscapeRight";
				LD_RUNPATH_SEARCH_PATHS = (
					"$(inherited)",
					"@executable_path/Frameworks",
				);
				MARKETING_VERSION = 1.0;
				PRODUCT_BUNDLE_IDENTIFIER = voggt.VoggtIVS;
				PRODUCT_NAME = "$(TARGET_NAME)";
				SWIFT_EMIT_LOC_STRINGS = YES;
				SWIFT_VERSION = 5.0;
				TARGETED_DEVICE_FAMILY = "1,2";
			};
			name = Release;
		};
/* End XCBuildConfiguration section */

/* Begin XCConfigurationList section */
		FEC88C4A2ADA049700BB0188 /* Build configuration list for PBXProject "VoggtIVS" */ = {
			isa = XCConfigurationList;
			buildConfigurations = (
				FEC88C5B2ADA049700BB0188 /* Debug */,
				FEC88C5C2ADA049700BB0188 /* Release */,
			);
			defaultConfigurationIsVisible = 0;
			defaultConfigurationName = Release;
		};
		FEC88C5D2ADA049700BB0188 /* Build configuration list for PBXNativeTarget "VoggtIVS" */ = {
			isa = XCConfigurationList;
			buildConfigurations = (
				FEC88C5E2ADA049700BB0188 /* Debug */,
				FEC88C5F2ADA049700BB0188 /* Release */,
			);
			defaultConfigurationIsVisible = 0;
			defaultConfigurationName = Release;
		};
/* End XCConfigurationList section */

/* Begin XCLocalSwiftPackageReference section */
		FEC88C602ADA04D600BB0188 /* XCLocalSwiftPackageReference "VoggtIVS/AmazonIVSBroadcast" */ = {
			isa = XCLocalSwiftPackageReference;
			relativePath = VoggtIVS/AmazonIVSBroadcast;
		};
/* End XCLocalSwiftPackageReference section */

/* Begin XCSwiftPackageProductDependency section */
		FEC88C612ADA04D600BB0188 /* AmazonIVSBroadcast */ = {
			isa = XCSwiftPackageProductDependency;
			productName = AmazonIVSBroadcast;
		};
/* End XCSwiftPackageProductDependency section */
	};
	rootObject = FEC88C472ADA049700BB0188 /* Project object */;
}
